
Microsoft Visual Studio Solution File, Format Version 12.00
# Visual Studio Version 16
VisualStudioVersion = 16.0.31105.61
MinimumVisualStudioVersion = 10.0.40219.1
Project("{FAE04EC0-301F-11D3-BF4B-00C04F79EFBC}") = "projetonogit", "projetonogit\projetonogit.csproj", "{356539EA-B39F-441F-A388-C23C351BB4FB}"
EndProject
Global
	GlobalSection(SolutionConfigurationPlatforms) = preSolution
		Debug|Any CPU = Debug|Any CPU
		Release|Any CPU = Release|Any CPU
	EndGlobalSection
	GlobalSection(ProjectConfigurationPlatforms) = postSolution
		{356539EA-B39F-441F-A388-C23C351BB4FB}.Debug|Any CPU.ActiveCfg = Debug|Any CPU
		{356539EA-B39F-441F-A388-C23C351BB4FB}.Debug|Any CPU.Build.0 = Debug|Any CPU
		{356539EA-B39F-441F-A388-C23C351BB4FB}.Release|Any CPU.ActiveCfg = Release|Any CPU
		{356539EA-B39F-441F-A388-C23C351BB4FB}.Release|Any CPU.Build.0 = Release|Any CPU
	EndGlobalSection
	GlobalSection(SolutionProperties) = preSolution
		HideSolutionNode = FALSE
	EndGlobalSection
	GlobalSection(ExtensibilityGlobals) = postSolution
		SolutionGuid = {E1D1327A-C049-4786-8FA0-36F659FF647A}
	EndGlobalSection
EndGlobal
